Microsoft Visual Studio Solution File, Format Version 11.00
# Visual Studio 2008

Project("{BC5B51F0-9E82-0E88-0730-15B49B389D12}") = "Math_Operator_Proj", "Assembly-CSharp.csproj", "{D5BF36BD-B2A0-BFFE-6970-7B9BBD2E6570}"
EndProject
Global
	GlobalSection(SolutionConfigurationPlatforms) = preSolution
		Debug|Any CPU = Debug|Any CPU
		Release|Any CPU = Release|Any CPU
	EndGlobalSection
	GlobalSection(ProjectConfigurationPlatforms) = postSolution
		{D5BF36BD-B2A0-BFFE-6970-7B9BBD2E6570}.Debug|Any CPU.ActiveCfg = Debug|Any CPU
		{D5BF36BD-B2A0-BFFE-6970-7B9BBD2E6570}.Debug|Any CPU.Build.0 = Debug|Any CPU
		{D5BF36BD-B2A0-BFFE-6970-7B9BBD2E6570}.Release|Any CPU.ActiveCfg = Release|Any CPU
		{D5BF36BD-B2A0-BFFE-6970-7B9BBD2E6570}.Release|Any CPU.Build.0 = Release|Any CPU
	EndGlobalSection
	GlobalSection(SolutionProperties) = preSolution
		HideSolutionNode = FALSE
	EndGlobalSection
	GlobalSection(MonoDevelopProperties) = preSolution
		StartupItem = Assembly-CSharp.csproj
	EndGlobalSection
EndGlobal
